version = 1
revision = 3
requires-python = ">=3.12, <3.15"

[[package]]
name = "attrs"
version = "26.1.0"
source = { registry = "https://pypi.org/simple" }
sdist = { url = "https://files.pythonhosted.org/packages/9a/8e/82a0fe20a541c03148528be8cac2408564a6c9a0cc7e9171802bc1d26985/attrs-26.1.0.tar.gz", hash = "sha256:d03ceb89cb322a8fd706d4fb91940737b6642aa36998fe130a9bc96c985eff32", size = 952055, upload-time = "2026-03-19T14:22:25.026Z" }
wheels = [
    { url = "https://files.pythonhosted.org/packages/64/b4/17d4b0b2a2dc85a6df63d1157e028ed19f90d4cd97c36717afef2bc2f395/attrs-26.1.0-py3-none-any.whl", hash = "sha256:c647aa4a12dfbad9333ca4e71fe62ddc36f4e63b2d260a37a8b83d2f043ac309", size = 67548, upload-time = "2026-03-19T14:22:23.645Z" },
]

[[package]]
name = "butterflylens"
version = "0.1.0"
source = { virtual = "." }
dependencies = [
    { name = "h3" },
    { name = "jsonschema" },
    { name = "pyarrow" },
]

[package.metadata]
requires-dist = [
    { name = "h3", specifier = "==4.5.0" },
    { name = "jsonschema", specifier = "==4.26.0" },
    { name = "pyarrow", specifier = "==25.0.0" },
]

[[package]]
name = "h3"
version = "4.5.0"
source = { registry = "https://pypi.org/simple" }
sdist = { url = "https://files.pythonhosted.org/packages/2d/1c/12f1e2842d6493de4dd8244538c30a556712e9a6b25c5151a0e0e522a67e/h3-4.5.0.tar.gz", hash = "sha256:a1e279a1674fc799445c710e35bc4b1b388a406c881d8b5e59a9b8bebeb5bb43", size = 180838, upload-time = "2026-05-30T00:59:24.988Z" }
wheels = [
    { url = "https://files.pythonhosted.org/packages/00/63/1acc39ba0fc4b8ba7786662d7b5800a2b12653d64c6658e7293f6821abd3/h3-4.5.0-cp312-cp312-macosx_11_0_arm64.whl", hash = "sha256:c1ae8f31981cf0dbdae15f1cc817ec30b6bbec7f27461cb28a0e1eb1794360d0", size = 848134, upload-time = "2026-05-30T00:59:00.271Z" },
    { url = "https://files.pythonhosted.org/packages/3c/73/f7d5c3c4e0853726ac3d2c20d2b6789fa4a6d753c228541cb1929317defa/h3-4.5.0-cp312-cp312-manylinux2014_aarch64.manylinux_2_17_aarch64.manylinux_2_28_aarch64.whl", hash = "sha256:ebe9875778d240d7ac37496b66d89abecb7e0090977e5f1e20d0caf63e513223", size = 1012325, upload-time = "2026-05-30T00:59:01.579Z" },
    { url = "https://files.pythonhosted.org/packages/87/e3/afe081686e549a82cc13a38c6e24b97eb3de939521979f0dde9c921c5154/h3-4.5.0-cp312-cp312-manylinux2014_x86_64.manylinux_2_17_x86_64.manylinux_2_28_x86_64.whl", hash = "sha256:583c3c42b3fa3576649c658f24beba080655159e724ecd1d6204b185df9eb4f6", size = 1063388, upload-time = "2026-05-30T00:59:02.889Z" },
    { url = "https://files.pythonhosted.org/packages/70/82/6c027ef04717fd4dd1d3897086d7706c29372ddd51e78319ec4fcb5f2cfc/h3-4.5.0-cp312-cp312-musllinux_1_2_x86_64.whl", hash = "sha256:551907d1ee01b5fee599da4ce1c41b054c64e8b20221094caf8e52caeb5d30bb", size = 1072924, upload-time = "2026-05-30T00:59:04.202Z" },
    { url = "https://files.pythonhosted.org/packages/74/5b/0e4f0c4f02414166aa0c96dd84b215f23c68e09bf36e4ede55f50ee250f7/h3-4.5.0-cp312-cp312-win_amd64.whl", hash = "sha256:f2cc7ed2e2370a67393b791972dab107eca4e14c5bfa96558e1c9ec8a501af6e", size = 806067, upload-time = "2026-05-30T00:59:05.324Z" },
    { url = "https://files.pythonhosted.org/packages/33/08/ea0ef498971cf2e5821074f7dff80a9a2992417c78ff9141979f2d49d259/h3-4.5.0-cp312-cp312-win_arm64.whl", hash = "sha256:260220ea216acda378bac481b26d414fab2d88bb724fe3fc3d6d0d764a2b16bd", size = 720045, upload-time = "2026-05-30T00:59:06.287Z" },
    { url = "https://files.pythonhosted.org/packages/a3/a9/bb36156db3a1f9eebb27de9c72d1229c69a643bc5bf9f59cbc05a8b0a634/h3-4.5.0-cp313-cp313-macosx_11_0_arm64.whl", hash = "sha256:44f9eee75985ecf06af82cfbce5fe7a0fd1cae73bee53d15155fe8fdb165578a", size = 843578, upload-time = "2026-05-30T00:59:07.415Z" },
    { url = "https://files.pythonhosted.org/packages/00/d0/4256f2515f8dd1a322e95a7a5f4174ecc405098f8b217d1d29767989c171/h3-4.5.0-cp313-cp313-manylinux2014_aarch64.manylinux_2_17_aarch64.manylinux_2_28_aarch64.whl", hash = "sha256:bf8fe70eef1c122e7465f3b9c57f793fa1a6885cf067be3a83423c0f30c0d80c", size = 1007119, upload-time = "2026-05-30T00:59:08.629Z" },
    { url = "https://files.pythonhosted.org/packages/eb/37/a60d26681ac540788c4ef656960084c9cbf4c24657f7e7347f07e97ba27f/h3-4.5.0-cp313-cp313-manylinux2014_x86_64.manylinux_2_17_x86_64.manylinux_2_28_x86_64.whl", hash = "sha256:df23f9ff0a9ff9c6195f48ebc8fb8fc6d50c2025ec37649991749d5282a2950f", size = 1059523, upload-time = "2026-05-30T00:59:09.854Z" },
    { url = "https://files.pythonhosted.org/packages/de/76/6e2eab23667a6ee153e3c369fb6fb793d4b09c81030495da989e8e5bf66d/h3-4.5.0-cp313-cp313-musllinux_1_2_x86_64.whl", hash = "sha256:4e8af93363b9b14fe1797a2557b22bb158b1be7696f145ea8ee6f8b9315860fa", size = 1069134, upload-time = "2026-05-30T00:59:11.235Z" },
    { url = "https://files.pythonhosted.org/packages/63/15/338b4d4bb427999463b91c32c81a37b7cd16c8d94605a5a98e3d1149e459/h3-4.5.0-cp313-cp313-win_amd64.whl", hash = "sha256:7b5ee5185d7fe5126d67a85d1bc1033bdb932e579e2b948eaaec08a43b6b40c1", size = 803357, upload-time = "2026-05-30T00:59:12.341Z" },
    { url = "https://files.pythonhosted.org/packages/67/d8/d2454a2cdccfd011c9584db75d67e8b7e313f176891713059d743db2d5f1/h3-4.5.0-cp313-cp313-win_arm64.whl", hash = "sha256:1ef3d069afa78988fb221574ab75cab35117651247e955633efe6cb89d635c00", size = 718284, upload-time = "2026-05-30T00:59:13.582Z" },
    { url = "https://files.pythonhosted.org/packages/a2/9a/d270563a3aac0700f38dfc167f3cd3f7dad80290faa277692a28e3d0b57d/h3-4.5.0-cp314-cp314-macosx_11_0_arm64.whl", hash = "sha256:74dbc558a10177a7b63d307d85d53c94b10408b253291961235f33d7714986c2", size = 847869, upload-time = "2026-05-30T00:59:14.887Z" },
    { url = "https://files.pythonhosted.org/packages/55/6e/8ab33def9888aaf724b7fba3b6027fcf99c4262fc61e5b3d4a123e428d49/h3-4.5.0-cp314-cp314-manylinux2014_aarch64.manylinux_2_17_aarch64.manylinux_2_28_aarch64.whl", hash = "sha256:0b17cf243923e9554ba4d8c6a5b5ade3cf302751155edbc2cc5821e7dc859dea", size = 1015860, upload-time = "2026-05-30T00:59:15.958Z" },
    { url = "https://files.pythonhosted.org/packages/de/b0/35103fd89f16e9f11dd310c7b16e0da9603711852c8e0d343fdf95a9200e/h3-4.5.0-cp314-cp314-manylinux2014_x86_64.manylinux_2_17_x86_64.manylinux_2_28_x86_64.whl", hash = "sha256:1bb5ac89a494fa8e4c1594b77ed8a18419b95513c3e586ce1189606df54a38a8", size = 1062200, upload-time = "2026-05-30T00:59:17.282Z" },
    { url = "https://files.pythonhosted.org/packages/03/3b/cba32deaacf80f9135dc9457359df4c9b0fcfc920a5789798386afda7959/h3-4.5.0-cp314-cp314-musllinux_1_2_x86_64.whl", hash = "sha256:463e8d59dbc65570d1cbce1bd3799ab1be7b2e8123af88586ed314fbf50cb6b5", size = 1071525, upload-time = "2026-05-30T00:59:18.321Z" },
    { url = "https://files.pythonhosted.org/packages/7c/88/030152f50ee8bd3cefe9c05dbb1d247eb98e959bfd071057d0b139581e0f/h3-4.5.0-cp314-cp314-win_amd64.whl", hash = "sha256:3870b4fbd9e302e550a811d10b57f4e42074a3b9e39bed1281761486153cd37b", size = 822798, upload-time = "2026-05-30T00:59:19.442Z" },
    { url = "https://files.pythonhosted.org/packages/b9/b8/772ad03138c09b17196ff6d93c5e476e1b50d41ec4194f99cfc5db5f98b3/h3-4.5.0-cp314-cp314-win_arm64.whl", hash = "sha256:9657dddd0de99a24f4cd3d0cc409648b2ed5b9c0fbc202149615a5419a119e08", size = 740487, upload-time = "2026-05-30T00:59:20.513Z" },
    { url = "https://files.pythonhosted.org/packages/80/94/352deb26f5bd6d779d938bd5812e4ef97cedbd5412211c1d126fc696e833/h3-4.5.0-cp314-cp314t-macosx_11_0_arm64.whl", hash = "sha256:70d125d0dc70daabaf241267eb9cc7cba97b25b22370ebb8e12d68ff8a49f227", size = 889263, upload-time = "2026-05-30T00:59:21.756Z" },
    { url = "https://files.pythonhosted.org/packages/da/1a/6a782f2ac00a1b3defbefadf5751ccbdf6263e75313210f35c301aa6a80a/h3-4.5.0-cp314-cp314t-manylinux2014_x86_64.manylinux_2_17_x86_64.manylinux_2_28_x86_64.whl", hash = "sha256:d031c922c49ce047728ac698541c1e0535ee72fe821e5f73f5faaed50a7c899b", size = 1035944, upload-time = "2026-05-30T00:59:22.889Z" },
    { url = "https://files.pythonhosted.org/packages/2c/5d/555fd4373919e12e1289325388c2677a6bcd7e4f2a2ab87d50323a77c8a8/h3-4.5.0-cp314-cp314t-win_amd64.whl", hash = "sha256:3d3d8917adbc2f81a1b766f643f66857581617d03a73eab89bacf0935cb61305", size = 919737, upload-time = "2026-05-30T00:59:23.879Z" },
]

[[package]]
name = "jsonschema"
version = "4.26.0"
source = { registry = "https://pypi.org/simple" }
dependencies = [
    { name = "attrs" },
    { name = "jsonschema-specifications" },
    { name = "referencing" },
    { name = "rpds-py" },
]
sdist = { url = "https://files.pythonhosted.org/packages/b3/fc/e067678238fa451312d4c62bf6e6cf5ec56375422aee02f9cb5f909b3047/jsonschema-4.26.0.tar.gz", hash = "sha256:0c26707e2efad8aa1bfc5b7ce170f3fccc2e4918ff85989ba9ffa9facb2be326", size = 366583, upload-time = "2026-01-07T13:41:07.246Z" }
wheels = [
    { url = "https://files.pythonhosted.org/packages/69/90/f63fb5873511e014207a475e2bb4e8b2e570d655b00ac19a9a0ca0a385ee/jsonschema-4.26.0-py3-none-any.whl", hash = "sha256:d489f15263b8d200f8387e64b4c3a75f06629559fb73deb8fdfb525f2dab50ce", size = 90630, upload-time = "2026-01-07T13:41:05.306Z" },
]

[[package]]
name = "jsonschema-specifications"
version = "2025.9.1"
source = { registry = "https://pypi.org/simple" }
dependencies = [
    { name = "referencing" },
]
sdist = { url = "https://files.pythonhosted.org/packages/19/74/a633ee74eb36c44aa6d1095e7cc5569bebf04342ee146178e2d36600708b/jsonschema_specifications-2025.9.1.tar.gz", hash = "sha256:b540987f239e745613c7a9176f3edb72b832a4ac465cf02712288397832b5e8d", size = 32855, upload-time = "2025-09-08T01:34:59.186Z" }
wheels = [
    { url = "https://files.pythonhosted.org/packages/41/45/1a4ed80516f02155c51f51e8cedb3c1902296743db0bbc66608a0db2814f/jsonschema_specifications-2025.9.1-py3-none-any.whl", hash = "sha256:98802fee3a11ee76ecaca44429fda8a41bff98b00a0f2838151b113f210cc6fe", size = 18437, upload-time = "2025-09-08T01:34:57.871Z" },
]

[[package]]
name = "pyarrow"
version = "25.0.0"
source = { registry = "https://pypi.org/simple" }
sdist = { url = "https://files.pythonhosted.org/packages/27/f3/95428098d1fa7d04432fb750eed06b41304c2f6a5d3319985e64db2d9d41/pyarrow-25.0.0.tar.gz", hash = "sha256:d2d697008b5ec06d75952ef260c2e9a8a0f6ccfce24266c04c9c8ade927cb3b4", size = 1199181, upload-time = "2026-07-10T08:29:50.116Z" }
wheels = [
    { url = "https://files.pythonhosted.org/packages/73/44/fdd3a4377807b7dcabe2d4b5aa99dbbc98e2e5df3f1ca4e7f0aec492d987/pyarrow-25.0.0-cp312-cp312-macosx_12_0_arm64.whl", hash = "sha256:149730a3d1f0fb59d663a0b8aa210adfd9c17c27cd94a0d143e60daea8320d4e", size = 35850884, upload-time = "2026-07-10T08:26:47.357Z" },
    { url = "https://files.pythonhosted.org/packages/bf/71/9f053177a7709b8c90abb00a2375b916286f9f0d6cfb21a5cadd4ef811e8/pyarrow-25.0.0-cp312-cp312-macosx_12_0_x86_64.whl", hash = "sha256:0721332c30fdd453fdd1fc203b2ac1f4c9db5aea28fa38d41f2574c4b068b9ec", size = 37616197, upload-time = "2026-07-10T08:26:53.564Z" },
    { url = "https://files.pythonhosted.org/packages/95/1a/22bfb6597dcdc861fa83c39c06e1457cb56f698940eff42fbb25de30e8e5/pyarrow-25.0.0-cp312-cp312-manylinux_2_28_aarch64.whl", hash = "sha256:fa1482b3da10cac2d4db6e26b81da543e237616af2ef6d466018b31ca586496f", size = 46841966, upload-time = "2026-07-10T08:27:07.685Z" },
    { url = "https://files.pythonhosted.org/packages/55/0e/cd705c042bc4fe7022478db577fcab4abdcfabb9bc37ab7a75556b3fcb2b/pyarrow-25.0.0-cp312-cp312-manylinux_2_28_x86_64.whl", hash = "sha256:5d1dbf24e151042f2fa3c129563f65d66674128868496fb008c4272b16bdf778", size = 50088993, upload-time = "2026-07-10T08:27:14.268Z" },
    { url = "https://files.pythonhosted.org/packages/98/ee/d822e1ee31fe31ec5d057210e0605c950b975dcd8d9a332976cc859a9df8/pyarrow-25.0.0-cp312-cp312-musllinux_1_2_aarch64.whl", hash = "sha256:20887a762dd61dcc530f93a140840ab1f6aa7836b33270e42d627ab3cf11e537", size = 49941005, upload-time = "2026-07-10T08:27:21.274Z" },
    { url = "https://files.pythonhosted.org/packages/33/1b/207a90cc64619a095eb75a263ae069735f2810056d43c667befd573ec083/pyarrow-25.0.0-cp312-cp312-musllinux_1_2_x86_64.whl", hash = "sha256:58d1ab556b0cea1c93fdb799b24ad58adb2f2a2788dbce782a94f64ae1a5cc9b", size = 53112355, upload-time = "2026-07-10T08:27:27.911Z" },
    { url = "https://files.pythonhosted.org/packages/7e/fe/81d1e5f8beed15c01e98649d5c6e2167b67fd395884a2488f18bf1cf0dba/pyarrow-25.0.0-cp312-cp312-win_amd64.whl", hash = "sha256:3f356afe61186395c861d5cd63dc21ff7d5fa335012a4668d979257df7fea0f5", size = 27945954, upload-time = "2026-07-10T08:27:32.903Z" },
    { url = "https://files.pythonhosted.org/packages/6c/c8/098ce17d778fd9d29e40bb8c5f19a40cc90c3f0b46c9057b0d7993f42f54/pyarrow-25.0.0-cp313-cp313-macosx_12_0_arm64.whl", hash = "sha256:8831a3ba52fa7cdb78d368d968b1dcd06171e6dff5461e16d90de91d371e47bc", size = 35844549, upload-time = "2026-07-10T08:27:37.956Z" },
    { url = "https://files.pythonhosted.org/packages/bc/66/24c28877219abf6263d909b1592c97ff82c59f13a59acbed11fc87c0654f/pyarrow-25.0.0-cp313-cp313-macosx_12_0_x86_64.whl", hash = "sha256:5f4bacb60f91dd2fca6c52f1b9a0012cd090e0294f1f781dc1881a247a352f8e", size = 37610397, upload-time = "2026-07-10T08:27:43.803Z" },
    { url = "https://files.pythonhosted.org/packages/53/55/6d1d5f5aff317ec5de9421594679ed51ed828fe7e2ce209327f819d801e4/pyarrow-25.0.0-cp313-cp313-manylinux_2_28_aarch64.whl", hash = "sha256:59516c822d5fd8e544aaa0dfe72f36fed5d4c24ea8390aab1bcd31d7e959c6be", size = 46841701, upload-time = "2026-07-10T08:27:49.741Z" },
    { url = "https://files.pythonhosted.org/packages/b5/5d/f790fb6965ab54c9da0dda7856abc75fd0d7648d865f8d603c111d203a64/pyarrow-25.0.0-cp313-cp313-manylinux_2_28_x86_64.whl", hash = "sha256:6f9dbd83e91c239a1f5ee7ce13f108b5f6c0efbe40a4375260d8f08b43ad05e9", size = 50090118, upload-time = "2026-07-10T08:27:56.051Z" },
    { url = "https://files.pythonhosted.org/packages/0c/8c/faf025357ebf31bc96777f234277aa31e2aeca6dd4ecaa391f29085473c2/pyarrow-25.0.0-cp313-cp313-musllinux_1_2_aarch64.whl", hash = "sha256:18dcc8cc50b5e72eae6fcbfc6c8776c21a007176b27a3cdec5c2f5bcf126708d", size = 49945559, upload-time = "2026-07-10T08:28:01.927Z" },
    { url = "https://files.pythonhosted.org/packages/07/a1/bd051871708ea99a5e0fc711926c26c6f2c6d0130c7aaac8093e34998af6/pyarrow-25.0.0-cp313-cp313-musllinux_1_2_x86_64.whl", hash = "sha256:4ec1895a87aa834c3b99b7a1e758747eb8bb57f922b32c0e0fa04afb8d6998b1", size = 53114238, upload-time = "2026-07-10T08:28:08.594Z" },
    { url = "https://files.pythonhosted.org/packages/7c/31/737f0c3cffcd6af647849477d1dd68045deac2e3963c3f9f211bedc48540/pyarrow-25.0.0-cp313-cp313-win_amd64.whl", hash = "sha256:77c8d1ae46a44b4006e8db1cc977bbcc6ce4873c92f74137d68e45503b97fb18", size = 27861162, upload-time = "2026-07-10T08:28:12.975Z" },
    { url = "https://files.pythonhosted.org/packages/55/c7/581ccbcdb3d897eb2893328d68db3d52eca373bf2a7e964d0a6276b8e85b/pyarrow-25.0.0-cp314-cp314-macosx_12_0_arm64.whl", hash = "sha256:72132b9a8a0a1840197794d4dea26080069b6b0981c116bc078762dc9691b21b", size = 35878945, upload-time = "2026-07-10T08:28:18.222Z" },
    { url = "https://files.pythonhosted.org/packages/64/d1/ccb01db7329ea0411ef4fbd9b62a04d3268b36777d4e758d5e39b91ddeab/pyarrow-25.0.0-cp314-cp314-macosx_12_0_x86_64.whl", hash = "sha256:e009ef945e498dca2f050ea10d2e9764cb44017254826fc4574fdb8d2530173b", size = 37630854, upload-time = "2026-07-10T08:28:23.452Z" },
    { url = "https://files.pythonhosted.org/packages/af/9f/2d81ba89d1e4198d0cb25fe7529de936830fdaec0db926bb52a1ef7080d4/pyarrow-25.0.0-cp314-cp314-manylinux_2_28_aarch64.whl", hash = "sha256:f57a39dbcb416345401c2e77a4373669b45fd111a1768e6cf267a7a0607ff0ec", size = 46905617, upload-time = "2026-07-10T08:28:29.376Z" },
    { url = "https://files.pythonhosted.org/packages/6a/29/0ed312ec800fb536f93783215126cee4b8977dcfeccba6f0f44df0cc87d7/pyarrow-25.0.0-cp314-cp314-manylinux_2_28_x86_64.whl", hash = "sha256:447df764beb07c544f0178a5f6b70ef44b9ecf382b3cdfad4c2d7867353c3887", size = 50119765, upload-time = "2026-07-10T08:28:35.826Z" },
    { url = "https://files.pythonhosted.org/packages/ca/88/cab5063ba0c4d46a9f6b4b7eb1c9029dc0302d65cd5ab3510c949a386568/pyarrow-25.0.0-cp314-cp314-musllinux_1_2_aarch64.whl", hash = "sha256:ac5dfeee59f9ceb4d45ba76e83b026c38c24334135bb329d8274baa49cec3c62", size = 50027563, upload-time = "2026-07-10T08:28:43.848Z" },
    { url = "https://files.pythonhosted.org/packages/7b/fb/4d24f1b7fe2e042dc4ef315ef75e4e702d8e46fe10c37e63caff00502b03/pyarrow-25.0.0-cp314-cp314-musllinux_1_2_x86_64.whl", hash = "sha256:f0f100dacf2c0f400601664a79d1a907ced4740514bb2b00917341038e2ce76f", size = 53162437, upload-time = "2026-07-10T08:28:52.819Z" },
    { url = "https://files.pythonhosted.org/packages/fa/65/da20806de93ca6ee91e72cb6a9b08b3ac890b46efc8d94a7326c651c4c81/pyarrow-25.0.0-cp314-cp314-win_amd64.whl", hash = "sha256:2e093efbecb5317372f819228fa4b4e6157eee48d3f0a7b0303705ebf81a7104", size = 28613262, upload-time = "2026-07-10T08:29:47.544Z" },
    { url = "https://files.pythonhosted.org/packages/86/9f/c632afb1d3ef4a7814cee236718235f3a47eac46e97eb87df40f550b6b48/pyarrow-25.0.0-cp314-cp314t-macosx_12_0_arm64.whl", hash = "sha256:26be35b80780d2d21f4bae3d568b1666337c3a89722cc1794c956a77017cb24e", size = 36120702, upload-time = "2026-07-10T08:28:59.577Z" },
    { url = "https://files.pythonhosted.org/packages/36/0a/093d53a0e72ad06e45d6443e00651bbc2d21af4211295086cbf4d873d3b9/pyarrow-25.0.0-cp314-cp314t-macosx_12_0_x86_64.whl", hash = "sha256:6f4812bfbf11ca7d8faf59eb8fff8bf4dd25ce3a38b62baa010cc17a0926d1b2", size = 37750674, upload-time = "2026-07-10T08:29:06.916Z" },
    { url = "https://files.pythonhosted.org/packages/8a/18/b37fc31a69cff4bdfb8842683def5612f551b93fff6f44375e4a4a6a5535/pyarrow-25.0.0-cp314-cp314t-manylinux_2_28_aarch64.whl", hash = "sha256:b8af8ceedf0c9c160fd2b63440f2d205b9404db85866c1217bfea601de7cfb50", size = 46912304, upload-time = "2026-07-10T08:29:14.656Z" },
    { url = "https://files.pythonhosted.org/packages/32/35/5cae19ba72493e5598022468b56f6a5571f399f485bf412f157356476caa/pyarrow-25.0.0-cp314-cp314t-manylinux_2_28_x86_64.whl", hash = "sha256:c70a5fd9a82bd1a702fd482bdc62d38dcb672fb2b449b1d7c0d7d1f4be7b7bfe", size = 50073652, upload-time = "2026-07-10T08:29:22.467Z" },
    { url = "https://files.pythonhosted.org/packages/2e/a5/ddd508424bdfd5e6945765e9e2ffc687e2f6115972badc8ecf423076c407/pyarrow-25.0.0-cp314-cp314t-musllinux_1_2_aarch64.whl", hash = "sha256:0490a7f8b38ffe11cc26526b50c65d111cb54ddac3717cec781806793f1244dc", size = 50058654, upload-time = "2026-07-10T08:29:29.689Z" },
    { url = "https://files.pythonhosted.org/packages/5f/a4/324d0db203ff5eebe8694ec2d6ec5a23f9aaa5d02e5b8c692914c518c33c/pyarrow-25.0.0-cp314-cp314t-musllinux_1_2_x86_64.whl", hash = "sha256:e83916bbcf380866b4e14255850b33323ff678dc9758411d0409cdd2523880b0", size = 53140153, upload-time = "2026-07-10T08:29:36.041Z" },
    { url = "https://files.pythonhosted.org/packages/bd/8d/d236e9c82fe315f9128885c8be3ec719f41965a1eb6b6f4b42470904cd41/pyarrow-25.0.0-cp314-cp314t-win_amd64.whl", hash = "sha256:13240f0d3dc5932ccd0bfa90cd76d835680b9d94a7661c635df4b703d40ce849", size = 28743657, upload-time = "2026-07-10T08:29:42.742Z" },
]

[[package]]
name = "referencing"
version = "0.37.0"
source = { registry = "https://pypi.org/simple" }
dependencies = [
    { name = "attrs" },
    { name = "rpds-py" },
    { name = "typing-extensions", marker = "python_full_version < '3.13'" },
]
sdist = { url = "https://files.pythonhosted.org/packages/22/f5/df4e9027acead3ecc63e50fe1e36aca1523e1719559c499951bb4b53188f/referencing-0.37.0.tar.gz", hash = "sha256:44aefc3142c5b842538163acb373e24cce6632bd54bdb01b21ad5863489f50d8", size = 78036, upload-time = "2025-10-13T15:30:48.871Z" }
wheels = [
    { url = "https://files.pythonhosted.org/packages/2c/58/ca301544e1fa93ed4f80d724bf5b194f6e4b945841c5bfd555878eea9fcb/referencing-0.37.0-py3-none-any.whl", hash = "sha256:381329a9f99628c9069361716891d34ad94af76e461dcb0335825aecc7692231", size = 26766, upload-time = "2025-10-13T15:30:47.625Z" },
]

[[package]]
name = "rpds-py"
version = "2026.6.3"
source = { registry = "https://pypi.org/simple" }
sdist = { url = "https://files.pythonhosted.org/packages/aa/2a/9618a122aeb2a169a28b03889a2995fe297588964333d4a7d67bdf46e147/rpds_py-2026.6.3.tar.gz", hash = "sha256:1cebd1337c242e4ec2293e541f712b2da849b29f48f0c293684b71c0632625d4", size = 64051, upload-time = "2026-06-30T07:17:53.009Z" }
wheels = [
    { url = "https://files.pythonhosted.org/packages/5c/be/2e8974163072e7bab7df1a5acd54c4498e75e35d6d18b864d3a9d5dadc92/rpds_py-2026.6.3-cp312-cp312-macosx_10_12_x86_64.whl", hash = "sha256:a0811d33247c3d6128a3001d763f2aa056bb3425204335400ac54f89eec3a0d0", size = 343691, upload-time = "2026-06-30T07:15:14.96Z" },
    { url = "https://files.pythonhosted.org/packages/a4/73/319dfa745dd668efe89309141ded489126461fcecd2b8f3a3cda185129b6/rpds_py-2026.6.3-cp312-cp312-macosx_11_0_arm64.whl", hash = "sha256:538949e262e46caa31ac01bdb3c1e8f642622922cacbabbae6a8445d9dc33eaf", size = 338542, upload-time = "2026-06-30T07:15:16.267Z" },
    { url = "https://files.pythonhosted.org/packages/21/63/4239893be1c4d09b709b1a8f6be4188f0870084ff547f46606b8a75f1b03/rpds_py-2026.6.3-cp312-cp312-manylinux_2_17_aarch64.manylinux2014_aarch64.whl", hash = "sha256:55927d532399c2c646100ff7feb48eaa940ad70f42cd68e1328f3ded9f81ca24", size = 368180, upload-time = "2026-06-30T07:15:17.62Z" },
    { url = "https://files.pythonhosted.org/packages/1c/ca/9c5de382225234ceb37b1844ebdb140db12b2a278bb9efe2fcd19f6c82ce/rpds_py-2026.6.3-cp312-cp312-manylinux_2_17_armv7l.manylinux2014_armv7l.whl", hash = "sha256:f56f1695bc5c0871cbc33dc0130fcf503aab0c57dcc5a6700a4f49eba4f2652e", size = 375067, upload-time = "2026-06-30T07:15:18.952Z" },
    { url = "https://files.pythonhosted.org/packages/87/dc/863f69d1bf04ade34b7fe0d59b9fdf6f0135fe2d7cbca74f1d665589559d/rpds_py-2026.6.3-cp312-cp312-manylinux_2_17_ppc64le.manylinux2014_ppc64le.whl", hash = "sha256:270b293dae9058fc9fcedab50f13cebf46fb8ed1d1d54e0521a9da5d6b211975", size = 490509, upload-time = "2026-06-30T07:15:20.434Z" },
    { url = "https://files.pythonhosted.org/packages/ce/ef/eac16a12048b45ec7c7fa94f2be3438a5f26bf9cc8580b18a1cfd609b7f6/rpds_py-2026.6.3-cp312-cp312-manylinux_2_17_s390x.manylinux2014_s390x.whl", hash = "sha256:127565fead0a10943b282957bd5447804ff3160ad79f2ad2635e6d249e380680", size = 382754, upload-time = "2026-06-30T07:15:21.831Z" },
    { url = "https://files.pythonhosted.org/packages/04/8f/d2f3f532616be4d06c316ef119683e832bd3d41e112bf3a88f4151c95b17/rpds_py-2026.6.3-cp312-cp312-manylinux_2_17_x86_64.manylinux2014_x86_64.whl", hash = "sha256:ecabd69db66de867690f9797f2f8fa27ba501bbc24540cbdbdc649cd15888ba6", size = 366189, upload-time = "2026-06-30T07:15:23.371Z" },
    { url = "https://files.pythonhosted.org/packages/e3/29/41a7b0e98a4b44cd676ab7598419623373eb43b20be68c084935c1a8cf88/rpds_py-2026.6.3-cp312-cp312-manylinux_2_31_riscv64.whl", hash = "sha256:58eadac9cd119677b60e1cf8ac4052f35949d71b8a9e5556efccbe82533cf22a", size = 377750, upload-time = "2026-06-30T07:15:24.659Z" },
    { url = "https://files.pythonhosted.org/packages/2e/05/ecda0bec46f9a1565090bcdc941d023f6a25aff85fda28f89f8d19878152/rpds_py-2026.6.3-cp312-cp312-manylinux_2_5_i686.manylinux1_i686.whl", hash = "sha256:7491ee23305ac3eb59e492b6945881f5cd77a6f731061a3f25b77fd40f9e99a4", size = 395576, upload-time = "2026-06-30T07:15:25.987Z" },
    { url = "https://files.pythonhosted.org/packages/68/a8/6ed52f03ee6cb854ce78785cc9a9a672eb880e83fd7224d471f667d151f1/rpds_py-2026.6.3-cp312-cp312-musllinux_1_2_aarch64.whl", hash = "sha256:2c99f7e8ccb3dd6e3e4bfeac657a7b208c9bac8075f4b078c02d7404c34107fa", size = 543807, upload-time = "2026-06-30T07:15:27.356Z" },
    { url = "https://files.pythonhosted.org/packages/8f/d6/156c0d3eea27ba09b92562ba2364ba124c0a061b199e17eac637cd25a5e2/rpds_py-2026.6.3-cp312-cp312-musllinux_1_2_i686.whl", hash = "sha256:62698275682bf121181861295c9181e789030a2d516071f5b8f3c23c170cd0fc", size = 611187, upload-time = "2026-06-30T07:15:28.931Z" },
    { url = "https://files.pythonhosted.org/packages/f1/31/774212ed989c62f7f310220089f9b0a3fb8f40f5443d1727abd5d9f52bc9/rpds_py-2026.6.3-cp312-cp312-musllinux_1_2_x86_64.whl", hash = "sha256:a214c993455f99a89aaeadc9b21241900037adc9d97203e374d75513c5911822", size = 573030, upload-time = "2026-06-30T07:15:30.553Z" },
    { url = "https://files.pythonhosted.org/packages/c9/50/22f73127a41f1ce4f87fe39aadfb9a126345801c274aa93ae88456249327/rpds_py-2026.6.3-cp312-cp312-win32.whl", hash = "sha256:501f9f04a588d6a09179368c57071301445191767c64e4b52a6aa9871f1ef5ed", size = 202185, upload-time = "2026-06-30T07:15:32.027Z" },
    { url = "https://files.pythonhosted.org/packages/04/3a/f0ee4d4dde9d3b69dedf1b5f74e7a40017046d55052d173e418c6a94f960/rpds_py-2026.6.3-cp312-cp312-win_amd64.whl", hash = "sha256:2c958bf94822e9290a40aaf2a822d4bc5c88099093e3948ad6c571eca9272e5f", size = 220394, upload-time = "2026-06-30T07:15:33.359Z" },
    { url = "https://files.pythonhosted.org/packages/f3/83/3382fe37f809b59f02aac04dbc4e765b480b46ee0227ed516e3bdc4d3dfc/rpds_py-2026.6.3-cp312-cp312-win_arm64.whl", hash = "sha256:22bffe6042b9bcb0822bcd1955ec00e245daf17b4344e4ed8e9551b976b63e96", size = 215753, upload-time = "2026-06-30T07:15:34.778Z" },
    { url = "https://files.pythonhosted.org/packages/a4/9e/b818ee580026ec578138e961027a68820c40afeb1ec8f6819b54fb99e196/rpds_py-2026.6.3-cp313-cp313-macosx_10_12_x86_64.whl", hash = "sha256:3cfe765c1da0072636ca06628261e0ea05688e160d5c8a03e0217c3854037223", size = 343012, upload-time = "2026-06-30T07:15:36.005Z" },
    { url = "https://files.pythonhosted.org/packages/f3/6b/686d9dc4359a8f163cfbbf89ee0b4e586431de22fe8248edb63a8cf50d49/rpds_py-2026.6.3-cp313-cp313-macosx_11_0_arm64.whl", hash = "sha256:f4d78253f6996be4901669ad25319f842f740eccf4d58e3c7f3dd39e6dde1d8f", size = 338203, upload-time = "2026-06-30T07:15:37.462Z" },
    { url = "https://files.pythonhosted.org/packages/9e/9b/069aa329940f8207615e091f5eedbbd40e1e15eac68a0790fd05ccdf796c/rpds_py-2026.6.3-cp313-cp313-manylinux_2_17_aarch64.manylinux2014_aarch64.whl", hash = "sha256:54f45a148e28767bf343d33a684693c70e451c6f4c0e9904709a723fafbdfc1f", size = 367984, upload-time = "2026-06-30T07:15:39.008Z" },
    { url = "https://files.pythonhosted.org/packages/14/db/34c203e4becff3703e4d3bc121842c00b8689197f398161203a880052f4e/rpds_py-2026.6.3-cp313-cp313-manylinux_2_17_armv7l.manylinux2014_armv7l.whl", hash = "sha256:842e7b070435622248c7a2c44ae53fa1440e073cc3023bc919fed570884097a7", size = 374815, upload-time = "2026-06-30T07:15:40.253Z" },
    { url = "https://files.pythonhosted.org/packages/ee/7d/8071067d2cc453d916ad836e828c943f575e8a44612537759002a1e07381/rpds_py-2026.6.3-cp313-cp313-manylinux_2_17_ppc64le.manylinux2014_ppc64le.whl", hash = "sha256:8020133a74bd81b4572dd8e4be028a6b1ebcd70e6726edc3918008c08bee6ee6", size = 490545, upload-time = "2026-06-30T07:15:41.729Z" },
    { url = "https://files.pythonhosted.org/packages/a3/42/da06c5aa8f0484ff07f270787434204d9f4535e2f8c3b51ed402267e63c3/rpds_py-2026.6.3-cp313-cp313-manylinux_2_17_s390x.manylinux2014_s390x.whl", hash = "sha256:cdc7e35386f3847df728fbcb5e887e2d79c19e2fa1eba9e51b6621d23e3243af", size = 382828, upload-time = "2026-06-30T07:15:43.327Z" },
    { url = "https://files.pythonhosted.org/packages/57/d7/fe978efc2ae50abe48eb7464668ea99f53c010c60aeebb7b35ad27f23661/rpds_py-2026.6.3-cp313-cp313-manylinux_2_17_x86_64.manylinux2014_x86_64.whl", hash = "sha256:acac386b453c2516111b50985d60ce46e7fadb5ea71ae7b25f4c946935bf27cf", size = 365678, upload-time = "2026-06-30T07:15:44.992Z" },
    { url = "https://files.pythonhosted.org/packages/69/9d/1d8922e1990b2a6eb532b6ff53d3e73d2b3bbffc84116c75826bee73dfc6/rpds_py-2026.6.3-cp313-cp313-manylinux_2_31_riscv64.whl", hash = "sha256:425560c6fa0415f27261727bb20bd097568485e5eb0c121f1949417d1c516885", size = 377811, upload-time = "2026-06-30T07:15:46.523Z" },
    { url = "https://files.pythonhosted.org/packages/b1/3d/198dceafb4fb034a6a47347e1b0735d34e0bd4a50be4e898d408ee66cb14/rpds_py-2026.6.3-cp313-cp313-manylinux_2_5_i686.manylinux1_i686.whl", hash = "sha256:a550fb4950a06dde3beb4721f5ad4b25bf4513784665b0a8522c792e2bd822a4", size = 395382, upload-time = "2026-06-30T07:15:47.955Z" },
    { url = "https://files.pythonhosted.org/packages/1f/f1/13968e49655d40b6b19d8b9140296bbc6f1d86b3f0f6c346cf9f1adddf4b/rpds_py-2026.6.3-cp313-cp313-musllinux_1_2_aarch64.whl", hash = "sha256:4f4bca01b63096f606e095734dd56e74e175f94cfbf24ff3d63281cec61f7bb7", size = 543832, upload-time = "2026-06-30T07:15:49.33Z" },
    { url = "https://files.pythonhosted.org/packages/ac/ab/289bcb1b90bd3e40a2900c561fa0e2087345ecbb094f0b870f2345142b7c/rpds_py-2026.6.3-cp313-cp313-musllinux_1_2_i686.whl", hash = "sha256:ccffae9a092a00deb7efd545fe5e2c33c33b88e7c054337e9a74c179347d0b7d", size = 611011, upload-time = "2026-06-30T07:15:50.847Z" },
    { url = "https://files.pythonhosted.org/packages/1e/16/5043105e679436ccfbc8e5e0dd2d663ed18a8b8113515fd06a5e5d77c83e/rpds_py-2026.6.3-cp313-cp313-musllinux_1_2_x86_64.whl", hash = "sha256:1cf01971c4f2c5553b772a542e4aaf191789cd331bc2cd4ff0e6e65ba49e1e97", size = 572431, upload-time = "2026-06-30T07:15:52.394Z" },
    { url = "https://files.pythonhosted.org/packages/85/ed/adab103321c0a6565d5ae1c2998349bc3ee175b82ccc5ae8fc04cc413075/rpds_py-2026.6.3-cp313-cp313-win32.whl", hash = "sha256:8c3d1e9c15b9d51ca0391e13da1a25a0a4df3c58a37c9dc368e0736cf7f69df0", size = 201710, upload-time = "2026-06-30T07:15:53.894Z" },
    { url = "https://files.pythonhosted.org/packages/7b/ed/a03b09668e74e5dabbf2e211f6468e1820c0552f7b0500082da31841bf7b/rpds_py-2026.6.3-cp313-cp313-win_amd64.whl", hash = "sha256:9250a9a0a6fd4648b3f868da8d91a4c52b5811a62df58e753d50ae4454a36f80", size = 219454, upload-time = "2026-06-30T07:15:55.25Z" },
    { url = "https://files.pythonhosted.org/packages/27/17/b8642c12930b71bc2b25831f6708ccf0f75abcd11883932ec9ce54ba3a78/rpds_py-2026.6.3-cp313-cp313-win_arm64.whl", hash = "sha256:900a67df3fd1660b035a4761c4ce73c382ea6b35f90f9863c36c6fd8bf8b09bb", size = 215063, upload-time = "2026-06-30T07:15:56.573Z" },
    { url = "https://files.pythonhosted.org/packages/b6/36/7fbe9dcdaf857fb3f63c2a2284b62492d95f5e8334e947e5fb6e7f68c9be/rpds_py-2026.6.3-cp314-cp314-macosx_10_12_x86_64.whl", hash = "sha256:931908d9fc855d8f74783377822be318edb6dcb19e47169dc038f9a1bf60b06e", size = 344510, upload-time = "2026-06-30T07:15:57.921Z" },
    { url = "https://files.pythonhosted.org/packages/ba/54/f785cc3d3f60839ca57a5af4927a9f347b07b2799c373fc20f7949f87c7e/rpds_py-2026.6.3-cp314-cp314-macosx_11_0_arm64.whl", hash = "sha256:d7469697dce35be237db177d42e2a2ee26e6dcc5fc052078a6fefabd288c6edd", size = 339495, upload-time = "2026-06-30T07:15:59.238Z" },
    { url = "https://files.pythonhosted.org/packages/63/ef/d4cdaf309e6b095b43597103cf8c0b951d6cca2acce68c474f75ec12e0c7/rpds_py-2026.6.3-cp314-cp314-manylinux_2_17_aarch64.manylinux2014_aarch64.whl", hash = "sha256:bcfbcf66006befb9fd2aeaa9e01feaf881b4dc330a02ba07d2322b1c11be7b5d", size = 369454, upload-time = "2026-06-30T07:16:01.021Z" },
    { url = "https://files.pythonhosted.org/packages/96/4a/9559a68b7ee15db09d7981212e8c2e219d2a1d6d4faa0391d813c3496a36/rpds_py-2026.6.3-cp314-cp314-manylinux_2_17_armv7l.manylinux2014_armv7l.whl", hash = "sha256:847927daf4cffbd4e90e42bc890069897101edd015f956cb8721b3473372edda", size = 374583, upload-time = "2026-06-30T07:16:02.287Z" },
    { url = "https://files.pythonhosted.org/packages/ef/75/8964aa7d2c6e8ac43eba8eb6e6b0fdda1f46d39f2fc3e6aa9f2cb17f485d/rpds_py-2026.6.3-cp314-cp314-manylinux_2_17_ppc64le.manylinux2014_ppc64le.whl", hash = "sha256:aca6c1ef08a82bfe327cc156da694660f599923e2e6665b6d81c9c2d0ac9ffc8", size = 492919, upload-time = "2026-06-30T07:16:03.723Z" },
    { url = "https://files.pythonhosted.org/packages/8f/97/6908094ac804115e65aedfd90f1b5fee4eebebd3f6c4cfc5419939267565/rpds_py-2026.6.3-cp314-cp314-manylinux_2_17_s390x.manylinux2014_s390x.whl", hash = "sha256:ae50181a047c871561212bb97f7932a2d45fb53e947bd9b57ebad85b529cbc53", size = 383725, upload-time = "2026-06-30T07:16:05.305Z" },
    { url = "https://files.pythonhosted.org/packages/d1/9c/0d1fdc2e7aba23e290d603bc494e97bd205bae262ce33c6b32a69768ed5e/rpds_py-2026.6.3-cp314-cp314-manylinux_2_17_x86_64.manylinux2014_x86_64.whl", hash = "sha256:dc319e5a1de4b6913aac94bf6a2f9e847371e0a140a43dd4991db1a09bc2d504", size = 367255, upload-time = "2026-06-30T07:16:07.086Z" },
    { url = "https://files.pythonhosted.org/packages/c4/fe/f0209ca4a9ed074bc8acb44dfd0e81c3122e94c9689f5645b7973a866719/rpds_py-2026.6.3-cp314-cp314-manylinux_2_31_riscv64.whl", hash = "sha256:e4316bf32babbed84e691e352faf967ce2f0f024174a8643c37c94a1080374fc", size = 379060, upload-time = "2026-06-30T07:16:08.525Z" },
    { url = "https://files.pythonhosted.org/packages/c6/8d/f1cc54c616b9d8897de8738aac148d20afca93f68187475fe194d09a71b9/rpds_py-2026.6.3-cp314-cp314-manylinux_2_5_i686.manylinux1_i686.whl", hash = "sha256:8c6e5a2f750cc71c3e3b11d71661f21d6f9bc6cebc6564b1466417a1ec03ec77", size = 395960, upload-time = "2026-06-30T07:16:09.989Z" },
    { url = "https://files.pythonhosted.org/packages/fb/04/aafff00f73aeca2945f734f1d483c64ab8f472d0864ab02377fd8e89c3b2/rpds_py-2026.6.3-cp314-cp314-musllinux_1_2_aarch64.whl", hash = "sha256:4470ce197d4090875cf6affbf1f853338387428df97c4fb7b7106317b8214698", size = 545356, upload-time = "2026-06-30T07:16:11.816Z" },
    { url = "https://files.pythonhosted.org/packages/fd/cc/e229663b9e4ddac5a4acbe9085dd80a71af2a5d356b8b39d6bff233f24b0/rpds_py-2026.6.3-cp314-cp314-musllinux_1_2_i686.whl", hash = "sha256:ea964164cc9afa72d4d9b23cc28dafae93693c0a53e0b42acbff15b22c3f9ddd", size = 612319, upload-time = "2026-06-30T07:16:13.586Z" },
    { url = "https://files.pythonhosted.org/packages/e3/7a/8a0e6d3e6cd066af108b71b43122c3fe158dd9eb86acac626593a2582eb1/rpds_py-2026.6.3-cp314-cp314-musllinux_1_2_x86_64.whl", hash = "sha256:639c8929aa0afe81be836b04de888460d6bed38b9c54cfc18da8f6bfabf5af5d", size = 573508, upload-time = "2026-06-30T07:16:15.23Z" },
    { url = "https://files.pythonhosted.org/packages/87/03/2a69ab618a789cf6cf85c86bb844c62d090e700ab1a2aa676b3741b6c516/rpds_py-2026.6.3-cp314-cp314-win32.whl", hash = "sha256:882076c00c0a608b131187055ddc5ae29f2e7eaf870d6168980420d58528a5c8", size = 202504, upload-time = "2026-06-30T07:16:16.893Z" },
    { url = "https://files.pythonhosted.org/packages/85/62/a3892ba945f4e24c78f352e5de3c7620d8479f73f211406a97263d13c7d2/rpds_py-2026.6.3-cp314-cp314-win_amd64.whl", hash = "sha256:0be972be84cfcaf46c8c6edf690ca0f154ac17babf1f6a955a51579b34ad2dc5", size = 220380, upload-time = "2026-06-30T07:16:18.108Z" },
    { url = "https://files.pythonhosted.org/packages/3d/e7/c2bd44dc831931815ad11ebb5f430b5a0a4d3caa9de837107876c30c3432/rpds_py-2026.6.3-cp314-cp314-win_arm64.whl", hash = "sha256:2a9c6f195058cb45335e8cc3802745c603d716eb96bc9625950c1aac71c0c703", size = 215976, upload-time = "2026-06-30T07:16:19.654Z" },
    { url = "https://files.pythonhosted.org/packages/79/9c/fff7b74bce9a091ec9a012a03f9ff5f69364eaf9451060dfc4486da2ffdd/rpds_py-2026.6.3-cp314-cp314t-macosx_10_12_x86_64.whl", hash = "sha256:f90938e92afda60266da758ee7d363447f7f0138c9559f9e1811629580582d90", size = 346840, upload-time = "2026-06-30T07:16:21.268Z" },
    { url = "https://files.pythonhosted.org/packages/e9/44/77bcb1168b33704908295533d27f10eb811e9e3e193e8993dc99572211d3/rpds_py-2026.6.3-cp314-cp314t-macosx_11_0_arm64.whl", hash = "sha256:ec829541c45bca16e61c7ae50c20501f213605beb75d1aba91a6ee37fbbb56a4", size = 340282, upload-time = "2026-06-30T07:16:22.875Z" },
    { url = "https://files.pythonhosted.org/packages/87/3c/7a9081c7c9e645b39efe19e4ffbeccd80add246327cd9b888aecffd72317/rpds_py-2026.6.3-cp314-cp314t-manylinux_2_17_aarch64.manylinux2014_aarch64.whl", hash = "sha256:afd70d95892096cdb26f15a00c45907b17817577aa8d1c76b2dcc2788391f9e9", size = 370403, upload-time = "2026-06-30T07:16:24.415Z" },
    { url = "https://files.pythonhosted.org/packages/f7/69/af47021eb7dad6ff3396cb001c08f0f3c4d06c20253f75be6421a59fe6b7/rpds_py-2026.6.3-cp314-cp314t-manylinux_2_17_armv7l.manylinux2014_armv7l.whl", hash = "sha256:29dfa0533a5d4c94d4dfa1b694fcb56c9c63aad8330ffdd816fd225d0a7a162f", size = 376055, upload-time = "2026-06-30T07:16:26.111Z" },
    { url = "https://files.pythonhosted.org/packages/81/fc/a3bcf517084396a6dd258c592567a3c011ba4557f2fde23dceaf26e74f2e/rpds_py-2026.6.3-cp314-cp314t-manylinux_2_17_ppc64le.manylinux2014_ppc64le.whl", hash = "sha256:af05d726809bff6b141be124d4c7ce998f9c9c7f30edb1f46c07aa103d540b41", size = 494419, upload-time = "2026-06-30T07:16:27.596Z" },
    { url = "https://files.pythonhosted.org/packages/c9/eb/13d529d1788135425c7bf207f8463458ca5d92e43f3f701365b83e9dffc1/rpds_py-2026.6.3-cp314-cp314t-manylinux_2_17_s390x.manylinux2014_s390x.whl", hash = "sha256:9826217f048f620d9a712672818bf231442c1b35d96b227a07eabd11b4bb6945", size = 384848, upload-time = "2026-06-30T07:16:29.183Z" },
    { url = "https://files.pythonhosted.org/packages/8e/f4/b7ac49f30013aba8f7b9566b1dd07e81de95e708c1374b7bacc5b9bc5c9c/rpds_py-2026.6.3-cp314-cp314t-manylinux_2_17_x86_64.manylinux2014_x86_64.whl", hash = "sha256:536bceea4fa4acf7e1c61da2b5786304367c816c8895be71b8f537c480b0ea1f", size = 371369, upload-time = "2026-06-30T07:16:30.912Z" },
    { url = "https://files.pythonhosted.org/packages/31/86/6260bafa622f788b07ddec0e52d810305c8b9b0b8c27f58a2ab04bf62b4f/rpds_py-2026.6.3-cp314-cp314t-manylinux_2_31_riscv64.whl", hash = "sha256:bc0011654b91cc4fb2ae701bec0a0ba1e552c0714247fa7af6c59e0ccfa3a4e1", size = 379673, upload-time = "2026-06-30T07:16:32.486Z" },
    { url = "https://files.pythonhosted.org/packages/19/c3/03f1ee79a047b48daeca157c89a18509cde22b6b951d642b9b0af1be660a/rpds_py-2026.6.3-cp314-cp314t-manylinux_2_5_i686.manylinux1_i686.whl", hash = "sha256:539d75de9e0d536c84ff18dfeb805398e58227001ce09231a26a08b9aed1ee0e", size = 397500, upload-time = "2026-06-30T07:16:34.471Z" },
    { url = "https://files.pythonhosted.org/packages/f0/95/8ed0cd8c377dca12aea498f119fe639fc474d1461545c39d2b5872eb1c0f/rpds_py-2026.6.3-cp314-cp314t-musllinux_1_2_aarch64.whl", hash = "sha256:166cf54d9f44fc6ceb53c7860258dde44a81406646de79f8ed3234fca3b6e538", size = 545978, upload-time = "2026-06-30T07:16:36.45Z" },
    { url = "https://files.pythonhosted.org/packages/d3/f2/0eb57f0eaa83f8fc152a7e03de968ab77e1f00732bebc892b190c6eebde7/rpds_py-2026.6.3-cp314-cp314t-musllinux_1_2_i686.whl", hash = "sha256:d34c20167764fbcf927194d532dd7e0c56772f0a5f943fa5ef9e9afbba8fb9db", size = 613350, upload-time = "2026-06-30T07:16:38.213Z" },
    { url = "https://files.pythonhosted.org/packages/5b/de/e0674bdbc3ef7634989b3f854c3f34bc1f587d36e5bfdc5c378d57034619/rpds_py-2026.6.3-cp314-cp314t-musllinux_1_2_x86_64.whl", hash = "sha256:ea7bb13b7c9a29791f87a0387ba7d3ad3a6d783d827e4d3f27b40a0ff44495e2", size = 576486, upload-time = "2026-06-30T07:16:39.797Z" },
    { url = "https://files.pythonhosted.org/packages/f2/f6/21101359743cd136ada781e8210a85769578422ba460672eea0e29739200/rpds_py-2026.6.3-cp314-cp314t-win32.whl", hash = "sha256:6de4744d05bd1aa1be4ed7ea1189e3979196808008113bbbf899a460966b925e", size = 201068, upload-time = "2026-06-30T07:16:41.316Z" },
    { url = "https://files.pythonhosted.org/packages/a6/b2/9574d4d44f7760c2aa32d92a0a4f41698e33f5b204a0bf5c9758f52c79d5/rpds_py-2026.6.3-cp314-cp314t-win_amd64.whl", hash = "sha256:c7b9a2f8f4d8e90af72571d3d495deebdd7e3c75451f5b41719aee166e940fc2", size = 220600, upload-time = "2026-06-30T07:16:43.091Z" },
]

[[package]]
name = "typing-extensions"
version = "4.16.0"
source = { registry = "https://pypi.org/simple" }
sdist = { url = "https://files.pythonhosted.org/packages/f6/cc/6253133b5bb138fc3306cebfbda2c520f545d36b5be2c7255cc528bb45d6/typing_extensions-4.16.0.tar.gz", hash = "sha256:dc983d19a509c94dba722ee6abd33940f7c05a89e243c47e907eb4db6f1a43e5", size = 113555, upload-time = "2026-07-02T08:40:05.92Z" }
wheels = [
    { url = "https://files.pythonhosted.org/packages/49/d3/b8441a820a491ddfc024b0b0cf0393375b75ea13866d9c66727e54c2fc80/typing_extensions-4.16.0-py3-none-any.whl", hash = "sha256:481caa481374e813c1b176ada14e97f1f67a4539ce9cfeb3f350d78d6370c2e8", size = 45571, upload-time = "2026-07-02T08:40:04.659Z" },
]
